{
    "requires": true,
    "lockfileVersion": 1,
    "dependencies": {
        "highlight.js": {
            "version": "9.12.0",
            "resolved": "https://registry.npmjs.org/highlight.js/-/highlight.js-9.12.0.tgz",
            "integrity": "sha1-5tnb5Xy+/mB1HwKvM2GVhwyQwB4="
        },
        "vue": {
            "version": "2.5.3",
            "resolved": "https://registry.npmjs.org/vue/-/vue-2.5.3.tgz",
            "integrity": "sha512-C8O5ZtR9jpwm6sCre3k42/WvuAcil5hH1+c3mJks8kNCYKh57sQh6I5U7m9L0fD89OKkIofmebUORngZkLedNA==",
            "dev": true
        },
        "vue-windows": {
            "version": "0.1.3",
            "resolved": "https://registry.npmjs.org/vue-windows/-/vue-windows-0.1.3.tgz",
            "integrity": "sha1-cHDSY9hKDMeQYfYf3w2/2X9TosQ=",
            "requires": {
                "highlight.js": "9.12.0"
            }
        }
    }
}
